
Microsoft Visual Studio Solution File, Format Version 12.00
# Visual Studio Version 17
VisualStudioVersion = 17.0.31903.59
MinimumVisualStudioVersion = 10.0.40219.1
Project("{2150E333-8FDC-42A3-9474-1A3956D46DE8}") = "backend", "backend", "{1AE8ACA6-933B-BF2A-3671-3E2EAC007D16}"
EndProject
Project("{FAE04EC0-301F-11D3-BF4B-00C04F79EFBC}") = "LotTakip.Entity", "backend\LotTakip.Entity\LotTakip.Entity.csproj", "{3BF2E6AC-71FE-4523-B624-701A5DAB814B}"
EndProject
Project("{FAE04EC0-301F-11D3-BF4B-00C04F79EFBC}") = "LotTakip.DataAccess", "backend\LotTakip.DataAccess\LotTakip.DataAccess.csproj", "{82124B52-3A91-4B2A-ABF2-67EBB7175DEA}"
EndProject
Project("{FAE04EC0-301F-11D3-BF4B-00C04F79EFBC}") = "LotTakip.Business", "backend\LotTakip.Business\LotTakip.Business.csproj", "{7C99AF81-E912-4511-8900-0110D43393FA}"
EndProject
Project("{FAE04EC0-301F-11D3-BF4B-00C04F79EFBC}") = "LotTakip.Shared", "backend\LotTakip.Shared\LotTakip.Shared.csproj", "{D65498EF-CF95-4B06-B111-0A91DBA000DA}"
EndProject
Project("{FAE04EC0-301F-11D3-BF4B-00C04F79EFBC}") = "LotTakip.Api", "backend\LotTakip.Api\LotTakip.Api.csproj", "{ED125B4C-813F-48CA-89AC-4E654E116104}"
EndProject
Project("{FAE04EC0-301F-11D3-BF4B-00C04F79EFBC}") = "LotTakip.Tests", "backend\LotTakip.Tests\LotTakip.Tests.csproj", "{5362926E-4B5B-4275-8FA0-75DE52BCB4D8}"
EndProject
Global
	GlobalSection(SolutionConfigurationPlatforms) = preSolution
		Debug|Any CPU = Debug|Any CPU
		Debug|x64 = Debug|x64
		Debug|x86 = Debug|x86
		Release|Any CPU = Release|Any CPU
		Release|x64 = Release|x64
		Release|x86 = Release|x86
	EndGlobalSection
	GlobalSection(ProjectConfigurationPlatforms) = postSolution
		{3BF2E6AC-71FE-4523-B624-701A5DAB814B}.Debug|Any CPU.ActiveCfg = Debug|Any CPU
		{3BF2E6AC-71FE-4523-B624-701A5DAB814B}.Debug|Any CPU.Build.0 = Debug|Any CPU
		{3BF2E6AC-71FE-4523-B624-701A5DAB814B}.Debug|x64.ActiveCfg = Debug|Any CPU
		{3BF2E6AC-71FE-4523-B624-701A5DAB814B}.Debug|x64.Build.0 = Debug|Any CPU
		{3BF2E6AC-71FE-4523-B624-701A5DAB814B}.Debug|x86.ActiveCfg = Debug|Any CPU
		{3BF2E6AC-71FE-4523-B624-701A5DAB814B}.Debug|x86.Build.0 = Debug|Any CPU
		{3BF2E6AC-71FE-4523-B624-701A5DAB814B}.Release|Any CPU.ActiveCfg = Release|Any CPU
		{3BF2E6AC-71FE-4523-B624-701A5DAB814B}.Release|Any CPU.Build.0 = Release|Any CPU
		{3BF2E6AC-71FE-4523-B624-701A5DAB814B}.Release|x64.ActiveCfg = Release|Any CPU
		{3BF2E6AC-71FE-4523-B624-701A5DAB814B}.Release|x64.Build.0 = Release|Any CPU
		{3BF2E6AC-71FE-4523-B624-701A5DAB814B}.Release|x86.ActiveCfg = Release|Any CPU
		{3BF2E6AC-71FE-4523-B624-701A5DAB814B}.Release|x86.Build.0 = Release|Any CPU
		{82124B52-3A91-4B2A-ABF2-67EBB7175DEA}.Debug|Any CPU.ActiveCfg = Debug|Any CPU
		{82124B52-3A91-4B2A-ABF2-67EBB7175DEA}.Debug|Any CPU.Build.0 = Debug|Any CPU
		{82124B52-3A91-4B2A-ABF2-67EBB7175DEA}.Debug|x64.ActiveCfg = Debug|Any CPU
		{82124B52-3A91-4B2A-ABF2-67EBB7175DEA}.Debug|x64.Build.0 = Debug|Any CPU
		{82124B52-3A91-4B2A-ABF2-67EBB7175DEA}.Debug|x86.ActiveCfg = Debug|Any CPU
		{82124B52-3A91-4B2A-ABF2-67EBB7175DEA}.Debug|x86.Build.0 = Debug|Any CPU
		{82124B52-3A91-4B2A-ABF2-67EBB7175DEA}.Release|Any CPU.ActiveCfg = Release|Any CPU
		{82124B52-3A91-4B2A-ABF2-67EBB7175DEA}.Release|Any CPU.Build.0 = Release|Any CPU
		{82124B52-3A91-4B2A-ABF2-67EBB7175DEA}.Release|x64.ActiveCfg = Release|Any CPU
		{82124B52-3A91-4B2A-ABF2-67EBB7175DEA}.Release|x64.Build.0 = Release|Any CPU
		{82124B52-3A91-4B2A-ABF2-67EBB7175DEA}.Release|x86.ActiveCfg = Release|Any CPU
		{82124B52-3A91-4B2A-ABF2-67EBB7175DEA}.Release|x86.Build.0 = Release|Any CPU
		{7C99AF81-E912-4511-8900-0110D43393FA}.Debug|Any CPU.ActiveCfg = Debug|Any CPU
		{7C99AF81-E912-4511-8900-0110D43393FA}.Debug|Any CPU.Build.0 = Debug|Any CPU
		{7C99AF81-E912-4511-8900-0110D43393FA}.Debug|x64.ActiveCfg = Debug|Any CPU
		{7C99AF81-E912-4511-8900-0110D43393FA}.Debug|x64.Build.0 = Debug|Any CPU
		{7C99AF81-E912-4511-8900-0110D43393FA}.Debug|x86.ActiveCfg = Debug|Any CPU
		{7C99AF81-E912-4511-8900-0110D43393FA}.Debug|x86.Build.0 = Debug|Any CPU
		{7C99AF81-E912-4511-8900-0110D43393FA}.Release|Any CPU.ActiveCfg = Release|Any CPU
		{7C99AF81-E912-4511-8900-0110D43393FA}.Release|Any CPU.Build.0 = Release|Any CPU
		{7C99AF81-E912-4511-8900-0110D43393FA}.Release|x64.ActiveCfg = Release|Any CPU
		{7C99AF81-E912-4511-8900-0110D43393FA}.Release|x64.Build.0 = Release|Any CPU
		{7C99AF81-E912-4511-8900-0110D43393FA}.Release|x86.ActiveCfg = Release|Any CPU
		{7C99AF81-E912-4511-8900-0110D43393FA}.Release|x86.Build.0 = Release|Any CPU
		{D65498EF-CF95-4B06-B111-0A91DBA000DA}.Debug|Any CPU.ActiveCfg = Debug|Any CPU
		{D65498EF-CF95-4B06-B111-0A91DBA000DA}.Debug|Any CPU.Build.0 = Debug|Any CPU
		{D65498EF-CF95-4B06-B111-0A91DBA000DA}.Debug|x64.ActiveCfg = Debug|Any CPU
		{D65498EF-CF95-4B06-B111-0A91DBA000DA}.Debug|x64.Build.0 = Debug|Any CPU
		{D65498EF-CF95-4B06-B111-0A91DBA000DA}.Debug|x86.ActiveCfg = Debug|Any CPU
		{D65498EF-CF95-4B06-B111-0A91DBA000DA}.Debug|x86.Build.0 = Debug|Any CPU
		{D65498EF-CF95-4B06-B111-0A91DBA000DA}.Release|Any CPU.ActiveCfg = Release|Any CPU
		{D65498EF-CF95-4B06-B111-0A91DBA000DA}.Release|Any CPU.Build.0 = Release|Any CPU
		{D65498EF-CF95-4B06-B111-0A91DBA000DA}.Release|x64.ActiveCfg = Release|Any CPU
		{D65498EF-CF95-4B06-B111-0A91DBA000DA}.Release|x64.Build.0 = Release|Any CPU
		{D65498EF-CF95-4B06-B111-0A91DBA000DA}.Release|x86.ActiveCfg = Release|Any CPU
		{D65498EF-CF95-4B06-B111-0A91DBA000DA}.Release|x86.Build.0 = Release|Any CPU
		{ED125B4C-813F-48CA-89AC-4E654E116104}.Debug|Any CPU.ActiveCfg = Debug|Any CPU
		{ED125B4C-813F-48CA-89AC-4E654E116104}.Debug|Any CPU.Build.0 = Debug|Any CPU
		{ED125B4C-813F-48CA-89AC-4E654E116104}.Debug|x64.ActiveCfg = Debug|Any CPU
		{ED125B4C-813F-48CA-89AC-4E654E116104}.Debug|x64.Build.0 = Debug|Any CPU
		{ED125B4C-813F-48CA-89AC-4E654E116104}.Debug|x86.ActiveCfg = Debug|Any CPU
		{ED125B4C-813F-48CA-89AC-4E654E116104}.Debug|x86.Build.0 = Debug|Any CPU
		{ED125B4C-813F-48CA-89AC-4E654E116104}.Release|Any CPU.ActiveCfg = Release|Any CPU
		{ED125B4C-813F-48CA-89AC-4E654E116104}.Release|Any CPU.Build.0 = Release|Any CPU
		{ED125B4C-813F-48CA-89AC-4E654E116104}.Release|x64.ActiveCfg = Release|Any CPU
		{ED125B4C-813F-48CA-89AC-4E654E116104}.Release|x64.Build.0 = Release|Any CPU
		{ED125B4C-813F-48CA-89AC-4E654E116104}.Release|x86.ActiveCfg = Release|Any CPU
		{ED125B4C-813F-48CA-89AC-4E654E116104}.Release|x86.Build.0 = Release|Any CPU
		{5362926E-4B5B-4275-8FA0-75DE52BCB4D8}.Debug|Any CPU.ActiveCfg = Debug|Any CPU
		{5362926E-4B5B-4275-8FA0-75DE52BCB4D8}.Debug|Any CPU.Build.0 = Debug|Any CPU
		{5362926E-4B5B-4275-8FA0-75DE52BCB4D8}.Debug|x64.ActiveCfg = Debug|Any CPU
		{5362926E-4B5B-4275-8FA0-75DE52BCB4D8}.Debug|x64.Build.0 = Debug|Any CPU
		{5362926E-4B5B-4275-8FA0-75DE52BCB4D8}.Debug|x86.ActiveCfg = Debug|Any CPU
		{5362926E-4B5B-4275-8FA0-75DE52BCB4D8}.Debug|x86.Build.0 = Debug|Any CPU
		{5362926E-4B5B-4275-8FA0-75DE52BCB4D8}.Release|Any CPU.ActiveCfg = Release|Any CPU
		{5362926E-4B5B-4275-8FA0-75DE52BCB4D8}.Release|Any CPU.Build.0 = Release|Any CPU
		{5362926E-4B5B-4275-8FA0-75DE52BCB4D8}.Release|x64.ActiveCfg = Release|Any CPU
		{5362926E-4B5B-4275-8FA0-75DE52BCB4D8}.Release|x64.Build.0 = Release|Any CPU
		{5362926E-4B5B-4275-8FA0-75DE52BCB4D8}.Release|x86.ActiveCfg = Release|Any CPU
		{5362926E-4B5B-4275-8FA0-75DE52BCB4D8}.Release|x86.Build.0 = Release|Any CPU
	EndGlobalSection
	GlobalSection(SolutionProperties) = preSolution
		HideSolutionNode = FALSE
	EndGlobalSection
	GlobalSection(NestedProjects) = preSolution
		{3BF2E6AC-71FE-4523-B624-701A5DAB814B} = {1AE8ACA6-933B-BF2A-3671-3E2EAC007D16}
		{82124B52-3A91-4B2A-ABF2-67EBB7175DEA} = {1AE8ACA6-933B-BF2A-3671-3E2EAC007D16}
		{7C99AF81-E912-4511-8900-0110D43393FA} = {1AE8ACA6-933B-BF2A-3671-3E2EAC007D16}
		{D65498EF-CF95-4B06-B111-0A91DBA000DA} = {1AE8ACA6-933B-BF2A-3671-3E2EAC007D16}
		{ED125B4C-813F-48CA-89AC-4E654E116104} = {1AE8ACA6-933B-BF2A-3671-3E2EAC007D16}
		{5362926E-4B5B-4275-8FA0-75DE52BCB4D8} = {1AE8ACA6-933B-BF2A-3671-3E2EAC007D16}
	EndGlobalSection
EndGlobal
